
Microsoft Visual Studio Solution File, Format Version 12.00
# Visual Studio Version 17
VisualStudioVersion = 17.3.32819.101
MinimumVisualStudioVersion = 10.0.40219.1
Project("{9A19103F-16F7-4668-BE54-9A1E7A4F7556}") = "MMABooksEFClasses", "MMABooksEFClasses\MMABooksEFClasses.csproj", "{F660FF91-FC76-4425-A8FC-BEC6B3BCC2A8}"
EndProject
Project("{FAE04EC0-301F-11D3-BF4B-00C04F79EFBC}") = "MMABooksTests", "MMABooksTests\MMABooksTests.csproj", "{6A92E190-D27A-41AA-903F-7154C9AD6A57}"
EndProject
Project("{FAE04EC0-301F-11D3-BF4B-00C04F79EFBC}") = "MMABitsRestfulApi", "MMABitsRestfulApi\MMABitsRestfulApi.csproj", "{A048023B-1BEB-4032-A5C9-5338DDD6CF18}"
EndProject
Global
	GlobalSection(SolutionConfigurationPlatforms) = preSolution
		Debug|Any CPU = Debug|Any CPU
		Release|Any CPU = Release|Any CPU
	EndGlobalSection
	GlobalSection(ProjectConfigurationPlatforms) = postSolution
		{F660FF91-FC76-4425-A8FC-BEC6B3BCC2A8}.Debug|Any CPU.ActiveCfg = Debug|Any CPU
		{F660FF91-FC76-4425-A8FC-BEC6B3BCC2A8}.Debug|Any CPU.Build.0 = Debug|Any CPU
		{F660FF91-FC76-4425-A8FC-BEC6B3BCC2A8}.Release|Any CPU.ActiveCfg = Release|Any CPU
		{F660FF91-FC76-4425-A8FC-BEC6B3BCC2A8}.Release|Any CPU.Build.0 = Release|Any CPU
		{6A92E190-D27A-41AA-903F-7154C9AD6A57}.Debug|Any CPU.ActiveCfg = Debug|Any CPU
		{6A92E190-D27A-41AA-903F-7154C9AD6A57}.Debug|Any CPU.Build.0 = Debug|Any CPU
		{6A92E190-D27A-41AA-903F-7154C9AD6A57}.Release|Any CPU.ActiveCfg = Release|Any CPU
		{6A92E190-D27A-41AA-903F-7154C9AD6A57}.Release|Any CPU.Build.0 = Release|Any CPU
		{A048023B-1BEB-4032-A5C9-5338DDD6CF18}.Debug|Any CPU.ActiveCfg = Debug|Any CPU
		{A048023B-1BEB-4032-A5C9-5338DDD6CF18}.Debug|Any CPU.Build.0 = Debug|Any CPU
		{A048023B-1BEB-4032-A5C9-5338DDD6CF18}.Release|Any CPU.ActiveCfg = Release|Any CPU
		{A048023B-1BEB-4032-A5C9-5338DDD6CF18}.Release|Any CPU.Build.0 = Release|Any CPU
	EndGlobalSection
	GlobalSection(SolutionProperties) = preSolution
		HideSolutionNode = FALSE
	EndGlobalSection
	GlobalSection(ExtensibilityGlobals) = postSolution
		SolutionGuid = {FEF614D2-E10E-4DF4-BF70-B18C2A93DB2B}
	EndGlobalSection
EndGlobal
